<?xml version="1.0" encoding="utf-8"?>
<Project ToolsVersion="4.0" xmlns="http://schemas.microsoft.com/developer/msbuild/2003">
  <ItemGroup>
    <Filter Include="Source Files">
      <UniqueIdentifier>{4FC737F1-C7A5-4376-A066-2A32D752A2FF}</UniqueIdentifier>
      <Extensions>cpp;c;cc;cxx;def;odl;idl;hpj;bat;asm;asmx</Extensions>
    </Filter>
    <Filter Include="Header Files">
      <UniqueIdentifier>{93995380-89BD-4b04-88EB-625FBE52EBFB}</UniqueIdentifier>
      <Extensions>h;hh;hpp;hxx;hm;inl;inc;xsd</Extensions>
    </Filter>
    <Filter Include="Resource Files">
      <UniqueIdentifier>{67DA6AB6-F800-4c08-8B7A-83BB121AAD01}</UniqueIdentifier>
      <Extensions>rc;ico;cur;bmp;dlg;rc2;rct;bin;rgs;gif;jpg;jpeg;jpe;resx;tiff;tif;png;wav;mfcribbon-ms</Extensions>
    </Filter>
    <Filter Include="Scripts">
      <UniqueIdentifier>{039eb792-9092-4712-b2e1-fd1a06a57a0f}</UniqueIdentifier>
    </Filter>
    <Filter Include="Scripts\Utillity">
      <UniqueIdentifier>{1977001d-1ae7-4065-a7f2-eac9dbdc2564}</UniqueIdentifier>
    </Filter>
    <Filter Include="Scripts\Game">
      <UniqueIdentifier>{ce326b1c-a950-4a39-98e5-618518fc6ecb}</UniqueIdentifier>
    </Filter>
    <Filter Include="Scripts\Game\Docking">
      <UniqueIdentifier>{fe8bd878-6688-4f3a-9d8b-3b58debb1f87}</UniqueIdentifier>
    </Filter>
    <Filter Include="Scripts\Game\UI">
      <UniqueIdentifier>{d8cc19fe-2202-4fab-abd7-78873c992a0e}</UniqueIdentifier>
    </Filter>
    <Filter Include="Scripts\Windows">
      <UniqueIdentifier>{3ac5c1ce-5562-4e28-963f-8d6ff5ea50ae}</UniqueIdentifier>
    </Filter>
    <Filter Include="Scripts\Windows\empty">
      <UniqueIdentifier>{97d5057b-f51b-470e-aabf-4ee8b299a6b2}</UniqueIdentifier>
    </Filter>
    <Filter Include="Scripts\Windows\basewindow">
      <UniqueIdentifier>{4398e721-a8ed-4ceb-8961-4776727394c5}</UniqueIdentifier>
    </Filter>
    <Filter Include="Scripts\Windows\button">
      <UniqueIdentifier>{36f8e397-0764-42bd-9f41-ccec42a812b9}</UniqueIdentifier>
    </Filter>
    <Filter Include="Scripts\Windows\scrollable">
      <UniqueIdentifier>{e7e193ca-c8ae-4a2a-b2de-83c6d5ca1db9}</UniqueIdentifier>
    </Filter>
    <Filter Include="Scripts\Windows\textbox">
      <UniqueIdentifier>{3b1c4ed2-b682-4b30-a235-ed669e61b6ad}</UniqueIdentifier>
    </Filter>
    <Filter Include="Scripts\AI">
      <UniqueIdentifier>{d4c8b344-fdcd-494e-befc-5e223bf8826c}</UniqueIdentifier>
    </Filter>
    <Filter Include="Source Files\Archive">
      <UniqueIdentifier>{91a78a71-c807-4774-84b9-b9170f900a29}</UniqueIdentifier>
    </Filter>
  </ItemGroup>
  <ItemGroup>
    <ClCompile Include="main.cpp">
      <Filter>Source Files</Filter>
    </ClCompile>
    <ClCompile Include="DX_main.cpp">
      <Filter>Source Files</Filter>
    </ClCompile>
    <ClCompile Include="text.cpp">
      <Filter>Source Files</Filter>
    </ClCompile>
    <ClCompile Include="universe.cpp">
      <Filter>Source Files</Filter>
    </ClCompile>
    <ClCompile Include="..\..\economy\economy\economy.cpp">
      <Filter>Source Files</Filter>
    </ClCompile>
    <ClCompile Include="controls.cpp">
      <Filter>Source Files</Filter>
    </ClCompile>
    <ClCompile Include="game.cpp">
      <Filter>Source Files</Filter>
    </ClCompile>
    <ClCompile Include="pathfinding.cpp">
      <Filter>Source Files</Filter>
    </ClCompile>
    <ClCompile Include="factions.cpp">
      <Filter>Source Files</Filter>
    </ClCompile>
    <ClCompile Include="debugmodule.cpp">
      <Filter>Source Files</Filter>
    </ClCompile>
    <ClCompile Include="stations.cpp">
      <Filter>Source Files</Filter>
    </ClCompile>
    <ClCompile Include="GUI.cpp">
      <Filter>Source Files</Filter>
    </ClCompile>
    <ClCompile Include="GAPI.cpp">
      <Filter>Source Files</Filter>
    </ClCompile>
    <ClCompile Include="artificial.cpp">
      <Filter>Source Files</Filter>
    </ClCompile>
    <ClCompile Include="AIfunctions.cpp">
      <Filter>Source Files</Filter>
    </ClCompile>
  </ItemGroup>
  <ItemGroup>
    <ClInclude Include="hmain.h">
      <Filter>Header Files</Filter>
    </ClInclude>
    <ClInclude Include="camera.h">
      <Filter>Header Files</Filter>
    </ClInclude>
    <ClInclude Include="physics.h">
      <Filter>Header Files</Filter>
    </ClInclude>
    <ClInclude Include="sprite.h">
      <Filter>Header Files</Filter>
    </ClInclude>
    <ClInclude Include="text.hpp">
      <Filter>Header Files</Filter>
    </ClInclude>
    <ClInclude Include="brush.h">
      <Filter>Header Files</Filter>
    </ClInclude>
    <ClInclude Include="frame.h">
      <Filter>Header Files</Filter>
    </ClInclude>
    <ClInclude Include="ships.h">
      <Filter>Header Files</Filter>
    </ClInclude>
    <ClInclude Include="universe.h">
      <Filter>Header Files</Filter>
    </ClInclude>
    <ClInclude Include="..\..\economy\economy\economy.h">
      <Filter>Header Files</Filter>
    </ClInclude>
    <ClInclude Include="button.h">
      <Filter>Header Files</Filter>
    </ClInclude>
    <ClInclude Include="mainclass.h">
      <Filter>Header Files</Filter>
    </ClInclude>
    <ClInclude Include="pathfinding.h">
      <Filter>Header Files</Filter>
    </ClInclude>
    <ClInclude Include="debugmodule.h">
      <Filter>Header Files</Filter>
    </ClInclude>
    <ClInclude Include="eco.h">
      <Filter>Header Files</Filter>
    </ClInclude>
    <ClInclude Include="GUI.h">
      <Filter>Header Files</Filter>
    </ClInclude>
    <ClInclude Include="artificial.h">
      <Filter>Header Files</Filter>
    </ClInclude>
  </ItemGroup>
  <ItemGroup>
    <None Include="packages.config" />
    <None Include="basewindow_flagproc.py">
      <Filter>Scripts\Windows\basewindow</Filter>
    </None>
    <None Include="basewindow_msg_close.py">
      <Filter>Scripts\Windows\basewindow</Filter>
    </None>
    <None Include="basewindow_msg_main.py">
      <Filter>Scripts\Windows\basewindow</Filter>
    </None>
    <None Include="basewindow_msg_minimize.py">
      <Filter>Scripts\Windows\basewindow</Filter>
    </None>
    <None Include="basewindow_msg_move.py">
      <Filter>Scripts\Windows\basewindow</Filter>
    </None>
    <None Include="button_flagproc.py">
      <Filter>Scripts\Windows\button</Filter>
    </None>
    <None Include="button_msg_main.py">
      <Filter>Scripts\Windows\button</Filter>
    </None>
    <None Include="blank.py">
      <Filter>Scripts\Utillity</Filter>
    </None>
    <None Include="window_createempty.py">
      <Filter>Scripts\Utillity</Filter>
    </None>
    <None Include="game_ui_panelcreate.py">
      <Filter>Scripts\Game\UI</Filter>
    </None>
    <None Include="empty_flagproc.py">
      <Filter>Scripts\Windows\empty</Filter>
    </None>
    <None Include="empty_msg_main.py">
      <Filter>Scripts\Windows\empty</Filter>
    </None>
    <None Include="window_switchvis.py">
      <Filter>Scripts\Utillity</Filter>
    </None>
    <None Include="game_ui_select.py">
      <Filter>Scripts\Game\UI</Filter>
    </None>
    <None Include="scrollable_flagproc.py">
      <Filter>Scripts\Windows\scrollable</Filter>
    </None>
    <None Include="scrollable_msg_jump.py">
      <Filter>Scripts\Windows\scrollable</Filter>
    </None>
    <None Include="scrollable_msg_main.py">
      <Filter>Scripts\Windows\scrollable</Filter>
    </None>
    <None Include="scrollable_msg_scroll.py">
      <Filter>Scripts\Windows\scrollable</Filter>
    </None>
    <None Include="scrollable_onattachto.py">
      <Filter>Scripts\Windows\scrollable</Filter>
    </None>
    <None Include="AI_movement.py">
      <Filter>Scripts\AI</Filter>
    </None>
    <None Include="AI_core.py">
      <Filter>Scripts\AI</Filter>
    </None>
    <None Include="AI_docker.py">
      <Filter>Scripts\AI</Filter>
    </None>
  </ItemGroup>
  <ItemGroup>
    <Text Include="artifical.h.txt">
      <Filter>Source Files\Archive</Filter>
    </Text>
    <Text Include="artifical.cpp.txt">
      <Filter>Source Files\Archive</Filter>
    </Text>
  </ItemGroup>
</Project>